// !$*UTF8*$!
{
	archiveVersion = 1;
	classes = {
	};
	objectVersion = 60;
	objects = {

/* Begin PBXBuildFile section */
		E914C2082BFF1D5000CEEB33 /* DMScrollBar in Frameworks */ = {isa = PBXBuildFile; productRef = E914C2072BFF1D5000CEEB33 /* DMScrollBar */; };
		E98F8FC92BFF1E1500F1C3AF /* DMScrollBar in Frameworks */ = {isa = PBXBuildFile; productRef = E98F8FC82BFF1E1500F1C3AF /* DMScrollBar */; };
		E9EB3F512BF5A5E000428A26 /* AppDelegate.swift in Sources */ = {isa = PBXBuildFile; fileRef = E9EB3F502BF5A5E000428A26 /* AppDelegate.swift */; };
		E9EB3F532BF5A5E000428A26 /* SceneDelegate.swift in Sources */ = {isa = PBXBuildFile; fileRef = E9EB3F522BF5A5E000428A26 /* SceneDelegate.swift */; };
		E9EB3F552BF5A5E100428A26 /* ViewController.swift in Sources */ = {isa = PBXBuildFile; fileRef = E9EB3F542BF5A5E100428A26 /* ViewController.swift */; };
		E9EB3F582BF5A5E100428A26 /* Base in Resources */ = {isa = PBXBuildFile; fileRef = E9EB3F572BF5A5E100428A26 /* Base */; };
		E9EB3F5A2BF5A5E200428A26 /* Assets.xcassets in Resources */ = {isa = PBXBuildFile; fileRef = E9EB3F592BF5A5E200428A26 /* Assets.xcassets */; };
		E9EB3F5D2BF5A5E200428A26 /* Base in Resources */ = {isa = PBXBuildFile; fileRef = E9EB3F5C2BF5A5E200428A26 /* Base */; };
		E9EB3F662BF5B0E500428A26 /* IMG_0003.JPG in Resources */ = {isa = PBXBuildFile; fileRef = E9EB3F652BF5B0E500428A26 /* IMG_0003.JPG */; };
/* End PBXBuildFile section */

/* Begin PBXFileReference section */
		E9EB3F4D2BF5A5E000428A26 /* UIScrollViewInspector.app */ = {isa = PBXFileReference; explicitFileType = wrapper.application; includeInIndex = 0; path = UIScrollViewInspector.app; sourceTree = BUILT_PRODUCTS_DIR; };
		E9EB3F502BF5A5E000428A26 /* AppDelegate.swift */ = {isa = PBXFileReference; lastKnownFileType = sourcecode.swift; path = AppDelegate.swift; sourceTree = "<group>"; };
		E9EB3F522BF5A5E000428A26 /* SceneDelegate.swift */ = {isa = PBXFileReference; lastKnownFileType = sourcecode.swift; path = SceneDelegate.swift; sourceTree = "<group>"; };
		E9EB3F542BF5A5E100428A26 /* ViewController.swift */ = {isa = PBXFileReference; lastKnownFileType = sourcecode.swift; path = ViewController.swift; sourceTree = "<group>"; };
		E9EB3F572BF5A5E100428A26 /* Base */ = {isa = PBXFileReference; lastKnownFileType = file.storyboard; name = Base; path = Base.lproj/Main.storyboard; sourceTree = "<group>"; };
		E9EB3F592BF5A5E200428A26 /* Assets.xcassets */ = {isa = PBXFileReference; lastKnownFileType = folder.assetcatalog; path = Assets.xcassets; sourceTree = "<group>"; };
		E9EB3F5C2BF5A5E200428A26 /* Base */ = {isa = PBXFileReference; lastKnownFileType = file.storyboard; name = Base; path = Base.lproj/LaunchScreen.storyboard; sourceTree = "<group>"; };
		E9EB3F5E2BF5A5E200428A26 /* Info.plist */ = {isa = PBXFileReference; lastKnownFileType = text.plist.xml; path = Info.plist; sourceTree = "<group>"; };
		E9EB3F642BF5A5E900428A26 /* UIScrollViewInspector.entitlements */ = {isa = PBXFileReference; lastKnownFileType = text.plist.entitlements; path = UIScrollViewInspector.entitlements; sourceTree = "<group>"; };
		E9EB3F652BF5B0E500428A26 /* IMG_0003.JPG */ = {isa = PBXFileReference; lastKnownFileType = image.jpeg; path = IMG_0003.JPG; sourceTree = "<group>"; };
/* End PBXFileReference section */

/* Begin PBXFrameworksBuildPhase section */
		E9EB3F4A2BF5A5E000428A26 /* Frameworks */ = {
			isa = PBXFrameworksBuildPhase;
			buildActionMask = 2147483647;
			files = (
				E98F8FC92BFF1E1500F1C3AF /* DMScrollBar in Frameworks */,
				E914C2082BFF1D5000CEEB33 /* DMScrollBar in Frameworks */,
			);
			runOnlyForDeploymentPostprocessing = 0;
		};
/* End PBXFrameworksBuildPhase section */

/* Begin PBXGroup section */
		E9EB3F442BF5A5E000428A26 = {
			isa = PBXGroup;
			children = (
				E9EB3F4F2BF5A5E000428A26 /* UIScrollViewInspector */,
				E9EB3F4E2BF5A5E000428A26 /* Products */,
			);
			sourceTree = "<group>";
		};
		E9EB3F4E2BF5A5E000428A26 /* Products */ = {
			isa = PBXGroup;
			children = (
				E9EB3F4D2BF5A5E000428A26 /* UIScrollViewInspector.app */,
			);
			name = Products;
			sourceTree = "<group>";
		};
		E9EB3F4F2BF5A5E000428A26 /* UIScrollViewInspector */ = {
			isa = PBXGroup;
			children = (
				E9EB3F642BF5A5E900428A26 /* UIScrollViewInspector.entitlements */,
				E9EB3F502BF5A5E000428A26 /* AppDelegate.swift */,
				E9EB3F522BF5A5E000428A26 /* SceneDelegate.swift */,
				E9EB3F542BF5A5E100428A26 /* ViewController.swift */,
				E9EB3F562BF5A5E100428A26 /* Main.storyboard */,
				E9EB3F592BF5A5E200428A26 /* Assets.xcassets */,
				E9EB3F652BF5B0E500428A26 /* IMG_0003.JPG */,
				E9EB3F5B2BF5A5E200428A26 /* LaunchScreen.storyboard */,
				E9EB3F5E2BF5A5E200428A26 /* Info.plist */,
			);
			path = UIScrollViewInspector;
			sourceTree = "<group>";
		};
/* End PBXGroup section */

/* Begin PBXNativeTarget section */
		E9EB3F4C2BF5A5E000428A26 /* UIScrollViewInspector */ = {
			isa = PBXNativeTarget;
			buildConfigurationList = E9EB3F612BF5A5E200428A26 /* Build configuration list for PBXNativeTarget "UIScrollViewInspector" */;
			buildPhases = (
				E9EB3F492BF5A5E000428A26 /* Sources */,
				E9EB3F4A2BF5A5E000428A26 /* Frameworks */,
				E9EB3F4B2BF5A5E000428A26 /* Resources */,
			);
			buildRules = (
			);
			dependencies = (
			);
			name = UIScrollViewInspector;
			packageProductDependencies = (
				E914C2072BFF1D5000CEEB33 /* DMScrollBar */,
				E98F8FC82BFF1E1500F1C3AF /* DMScrollBar */,
			);
			productName = UIScrollViewInspector;
			productReference = E9EB3F4D2BF5A5E000428A26 /* UIScrollViewInspector.app */;
			productType = "com.apple.product-type.application";
		};
/* End PBXNativeTarget section */

/* Begin PBXProject section */
		E9EB3F452BF5A5E000428A26 /* Project object */ = {
			isa = PBXProject;
			attributes = {
				BuildIndependentTargetsInParallel = 1;
				LastSwiftUpdateCheck = 1530;
				LastUpgradeCheck = 1530;
				TargetAttributes = {
					E9EB3F4C2BF5A5E000428A26 = {
						CreatedOnToolsVersion = 15.3;
					};
				};
			};
			buildConfigurationList = E9EB3F482BF5A5E000428A26 /* Build configuration list for PBXProject "UIScrollViewInspector" */;
			compatibilityVersion = "Xcode 14.0";
			developmentRegion = en;
			hasScannedForEncodings = 0;
			knownRegions = (
				en,
				Base,
			);
			mainGroup = E9EB3F442BF5A5E000428A26;
			packageReferences = (
				E98F8FC72BFF1E1500F1C3AF /* XCLocalSwiftPackageReference "../../../../Volumes/Code/Personal/DMScrollBar" */,
			);
			productRefGroup = E9EB3F4E2BF5A5E000428A26 /* Products */;
			projectDirPath = "";
			projectRoot = "";
			targets = (
				E9EB3F4C2BF5A5E000428A26 /* UIScrollViewInspector */,
			);
		};
/* End PBXProject section */

/* Begin PBXResourcesBuildPhase section */
		E9EB3F4B2BF5A5E000428A26 /* Resources */ = {
			isa = PBXResourcesBuildPhase;
			buildActionMask = 2147483647;
			files = (
				E9EB3F5A2BF5A5E200428A26 /* Assets.xcassets in Resources */,
				E9EB3F5D2BF5A5E200428A26 /* Base in Resources */,
				E9EB3F662BF5B0E500428A26 /* IMG_0003.JPG in Resources */,
				E9EB3F582BF5A5E100428A26 /* Base in Resources */,
			);
			runOnlyForDeploymentPostprocessing = 0;
		};
/* End PBXResourcesBuildPhase section */

/* Begin PBXSourcesBuildPhase section */
		E9EB3F492BF5A5E000428A26 /* Sources */ = {
			isa = PBXSourcesBuildPhase;
			buildActionMask = 2147483647;
			files = (
				E9EB3F552BF5A5E100428A26 /* ViewController.swift in Sources */,
				E9EB3F512BF5A5E000428A26 /* AppDelegate.swift in Sources */,
				E9EB3F532BF5A5E000428A26 /* SceneDelegate.swift in Sources */,
			);
			runOnlyForDeploymentPostprocessing = 0;
		};
/* End PBXSourcesBuildPhase section */

/* Begin PBXVariantGroup section */
		E9EB3F562BF5A5E100428A26 /* Main.storyboard */ = {
			isa = PBXVariantGroup;
			children = (
				E9EB3F572BF5A5E100428A26 /* Base */,
			);
			name = Main.storyboard;
			sourceTree = "<group>";
		};
		E9EB3F5B2BF5A5E200428A26 /* LaunchScreen.storyboard */ = {
			isa = PBXVariantGroup;
			children = (
				E9EB3F5C2BF5A5E200428A26 /* Base */,
			);
			name = LaunchScreen.storyboard;
			sourceTree = "<group>";
		};
/* End PBXVariantGroup section */

/* Begin XCBuildConfiguration section */
		E9EB3F5F2BF5A5E200428A26 /* Debug */ = {
			isa = XCBuildConfiguration;
			buildSettings = {
				ALWAYS_SEARCH_USER_PATHS = NO;
				ASSETCATALOG_COMPILER_GENERATE_SWIFT_ASSET_SYMBOL_EXTENSIONS = YES;
				CLANG_ANALYZER_NONNULL = YES;
				CLANG_ANALYZER_NUMBER_OBJECT_CONVERSION = YES_AGGRESSIVE;
				CLANG_CXX_LANGUAGE_STANDARD = "gnu++20";
				CLANG_ENABLE_MODULES = YES;
				CLANG_ENABLE_OBJC_ARC = YES;
				CLANG_ENABLE_OBJC_WEAK = YES;
				CLANG_WARN_BLOCK_CAPTURE_AUTORELEASING = YES;
				CLANG_WARN_BOOL_CONVERSION = YES;
				CLANG_WARN_COMMA = YES;
				CLANG_WARN_CONSTANT_CONVERSION = YES;
				CLANG_WARN_DEPRECATED_OBJC_IMPLEMENTATIONS = YES;
				CLANG_WARN_DIRECT_OBJC_ISA_USAGE = YES_ERROR;
				CLANG_WARN_DOCUMENTATION_COMMENTS = YES;
				CLANG_WARN_EMPTY_BODY = YES;
				CLANG_WARN_ENUM_CONVERSION = YES;
				CLANG_WARN_INFINITE_RECURSION = YES;
				CLANG_WARN_INT_CONVERSION = YES;
				CLANG_WARN_NON_LITERAL_NULL_CONVERSION = YES;
				CLANG_WARN_OBJC_IMPLICIT_RETAIN_SELF = YES;
				CLANG_WARN_OBJC_LITERAL_CONVERSION = YES;
				CLANG_WARN_OBJC_ROOT_CLASS = YES_ERROR;
				CLANG_WARN_QUOTED_INCLUDE_IN_FRAMEWORK_HEADER = YES;
				CLANG_WARN_RANGE_LOOP_ANALYSIS = YES;
				CLANG_WARN_STRICT_PROTOTYPES = YES;
				CLANG_WARN_SUSPICIOUS_MOVE = YES;
				CLANG_WARN_UNGUARDED_AVAILABILITY = YES_AGGRESSIVE;
				CLANG_WARN_UNREACHABLE_CODE = YES;
				CLANG_WARN__DUPLICATE_METHOD_MATCH = YES;
				COPY_PHASE_STRIP = NO;
				DEBUG_INFORMATION_FORMAT = dwarf;
				ENABLE_STRICT_OBJC_MSGSEND = YES;
				ENABLE_TESTABILITY = YES;
				ENABLE_USER_SCRIPT_SANDBOXING = YES;
				GCC_C_LANGUAGE_STANDARD = gnu17;
				GCC_DYNAMIC_NO_PIC = NO;
				GCC_NO_COMMON_BLOCKS = YES;
				GCC_OPTIMIZATION_LEVEL = 0;
				GCC_PREPROCESSOR_DEFINITIONS = (
					"DEBUG=1",
					"$(inherited)",
				);
				GCC_WARN_64_TO_32_BIT_CONVERSION = YES;
				GCC_WARN_ABOUT_RETURN_TYPE = YES_ERROR;
				GCC_WARN_UNDECLARED_SELECTOR = YES;
				GCC_WARN_UNINITIALIZED_AUTOS = YES_AGGRESSIVE;
				GCC_WARN_UNUSED_FUNCTION = YES;
				GCC_WARN_UNUSED_VARIABLE = YES;
				IPHONEOS_DEPLOYMENT_TARGET = 17.4;
				LOCALIZATION_PREFERS_STRING_CATALOGS = YES;
				MTL_ENABLE_DEBUG_INFO = INCLUDE_SOURCE;
				MTL_FAST_MATH = YES;
				ONLY_ACTIVE_ARCH = YES;
				SDKROOT = iphoneos;
				SWIFT_ACTIVE_COMPILATION_CONDITIONS = "DEBUG $(inherited)";
				SWIFT_OPTIMIZATION_LEVEL = "-Onone";
			};
			name = Debug;
		};
		E9EB3F602BF5A5E200428A26 /* Release */ = {
			isa = XCBuildConfiguration;
			buildSettings = {
				ALWAYS_SEARCH_USER_PATHS = NO;
				ASSETCATALOG_COMPILER_GENERATE_SWIFT_ASSET_SYMBOL_EXTENSIONS = YES;
				CLANG_ANALYZER_NONNULL = YES;
				CLANG_ANALYZER_NUMBER_OBJECT_CONVERSION = YES_AGGRESSIVE;
				CLANG_CXX_LANGUAGE_STANDARD = "gnu++20";
				CLANG_ENABLE_MODULES = YES;
				CLANG_ENABLE_OBJC_ARC = YES;
				CLANG_ENABLE_OBJC_WEAK = YES;
				CLANG_WARN_BLOCK_CAPTURE_AUTORELEASING = YES;
				CLANG_WARN_BOOL_CONVERSION = YES;
				CLANG_WARN_COMMA = YES;
				CLANG_WARN_CONSTANT_CONVERSION = YES;
				CLANG_WARN_DEPRECATED_OBJC_IMPLEMENTATIONS = YES;
				CLANG_WARN_DIRECT_OBJC_ISA_USAGE = YES_ERROR;
				CLANG_WARN_DOCUMENTATION_COMMENTS = YES;
				CLANG_WARN_EMPTY_BODY = YES;
				CLANG_WARN_ENUM_CONVERSION = YES;
				CLANG_WARN_INFINITE_RECURSION = YES;
				CLANG_WARN_INT_CONVERSION = YES;
				CLANG_WARN_NON_LITERAL_NULL_CONVERSION = YES;
				CLANG_WARN_OBJC_IMPLICIT_RETAIN_SELF = YES;
				CLANG_WARN_OBJC_LITERAL_CONVERSION = YES;
				CLANG_WARN_OBJC_ROOT_CLASS = YES_ERROR;
				CLANG_WARN_QUOTED_INCLUDE_IN_FRAMEWORK_HEADER = YES;
				CLANG_WARN_RANGE_LOOP_ANALYSIS = YES;
				CLANG_WARN_STRICT_PROTOTYPES = YES;
				CLANG_WARN_SUSPICIOUS_MOVE = YES;
				CLANG_WARN_UNGUARDED_AVAILABILITY = YES_AGGRESSIVE;
				CLANG_WARN_UNREACHABLE_CODE = YES;
				CLANG_WARN__DUPLICATE_METHOD_MATCH = YES;
				COPY_PHASE_STRIP = NO;
				DEBUG_INFORMATION_FORMAT = "dwarf-with-dsym";
				ENABLE_NS_ASSERTIONS = NO;
				ENABLE_STRICT_OBJC_MSGSEND = YES;
				ENABLE_USER_SCRIPT_SANDBOXING = YES;
				GCC_C_LANGUAGE_STANDARD = gnu17;
				GCC_NO_COMMON_BLOCKS = YES;
				GCC_WARN_64_TO_32_BIT_CONVERSION = YES;
				GCC_WARN_ABOUT_RETURN_TYPE = YES_ERROR;
				GCC_WARN_UNDECLARED_SELECTOR = YES;
				GCC_WARN_UNINITIALIZED_AUTOS = YES_AGGRESSIVE;
				GCC_WARN_UNUSED_FUNCTION = YES;
				GCC_WARN_UNUSED_VARIABLE = YES;
				IPHONEOS_DEPLOYMENT_TARGET = 17.4;
				LOCALIZATION_PREFERS_STRING_CATALOGS = YES;
				MTL_ENABLE_DEBUG_INFO = NO;
				MTL_FAST_MATH = YES;
				SDKROOT = iphoneos;
				SWIFT_COMPILATION_MODE = wholemodule;
				VALIDATE_PRODUCT = YES;
			};
			name = Release;
		};
		E9EB3F622BF5A5E200428A26 /* Debug */ = {
			isa = XCBuildConfiguration;
			buildSettings = {
				ASSETCATALOG_COMPILER_APPICON_NAME = AppIcon;
				ASSETCATALOG_COMPILER_GLOBAL_ACCENT_COLOR_NAME = AccentColor;
				CODE_SIGN_ENTITLEMENTS = UIScrollViewInspector/UIScrollViewInspector.entitlements;
				CODE_SIGN_STYLE = Automatic;
				CURRENT_PROJECT_VERSION = 1;
				DEVELOPMENT_TEAM = ZF2GY8W6BW;
				GENERATE_INFOPLIST_FILE = YES;
				INFOPLIST_FILE = UIScrollViewInspector/Info.plist;
				INFOPLIST_KEY_UIApplicationSupportsIndirectInputEvents = YES;
				INFOPLIST_KEY_UILaunchStoryboardName = LaunchScreen;
				INFOPLIST_KEY_UIMainStoryboardFile = Main;
				INFOPLIST_KEY_UISupportedInterfaceOrientations_iPad = "UIInterfaceOrientationPortrait UIInterfaceOrientationPortraitUpsideDown UIInterfaceOrientationLandscapeLeft UIInterfaceOrientationLandscapeRight";
				INFOPLIST_KEY_UISupportedInterfaceOrientations_iPhone = "UIInterfaceOrientationPortrait UIInterfaceOrientationLandscapeLeft UIInterfaceOrientationLandscapeRight";
				IPHONEOS_DEPLOYMENT_TARGET = 14.0;
				LD_RUNPATH_SEARCH_PATHS = (
					"$(inherited)",
					"@executable_path/Frameworks",
				);
				MARKETING_VERSION = 1.0;
				PRODUCT_BUNDLE_IDENTIFIER = com.JH.UIScrollViewInspector;
				PRODUCT_NAME = "$(TARGET_NAME)";
				SUPPORTED_PLATFORMS = "iphoneos iphonesimulator";
				SUPPORTS_MACCATALYST = YES;
				SUPPORTS_MAC_DESIGNED_FOR_IPHONE_IPAD = NO;
				SUPPORTS_XR_DESIGNED_FOR_IPHONE_IPAD = NO;
				SWIFT_EMIT_LOC_STRINGS = YES;
				SWIFT_VERSION = 5.0;
				TARGETED_DEVICE_FAMILY = "1,2,6";
			};
			name = Debug;
		};
		E9EB3F632BF5A5E200428A26 /* Release */ = {
			isa = XCBuildConfiguration;
			buildSettings = {
				ASSETCATALOG_COMPILER_APPICON_NAME = AppIcon;
				ASSETCATALOG_COMPILER_GLOBAL_ACCENT_COLOR_NAME = AccentColor;
				CODE_SIGN_ENTITLEMENTS = UIScrollViewInspector/UIScrollViewInspector.entitlements;
				CODE_SIGN_STYLE = Automatic;
				CURRENT_PROJECT_VERSION = 1;
				DEVELOPMENT_TEAM = ZF2GY8W6BW;
				GENERATE_INFOPLIST_FILE = YES;
				INFOPLIST_FILE = UIScrollViewInspector/Info.plist;
				INFOPLIST_KEY_UIApplicationSupportsIndirectInputEvents = YES;
				INFOPLIST_KEY_UILaunchStoryboardName = LaunchScreen;
				INFOPLIST_KEY_UIMainStoryboardFile = Main;
				INFOPLIST_KEY_UISupportedInterfaceOrientations_iPad = "UIInterfaceOrientationPortrait UIInterfaceOrientationPortraitUpsideDown UIInterfaceOrientationLandscapeLeft UIInterfaceOrientationLandscapeRight";
				INFOPLIST_KEY_UISupportedInterfaceOrientations_iPhone = "UIInterfaceOrientationPortrait UIInterfaceOrientationLandscapeLeft UIInterfaceOrientationLandscapeRight";
				IPHONEOS_DEPLOYMENT_TARGET = 14.0;
				LD_RUNPATH_SEARCH_PATHS = (
					"$(inherited)",
					"@executable_path/Frameworks",
				);
				MARKETING_VERSION = 1.0;
				PRODUCT_BUNDLE_IDENTIFIER = com.JH.UIScrollViewInspector;
				PRODUCT_NAME = "$(TARGET_NAME)";
				SUPPORTED_PLATFORMS = "iphoneos iphonesimulator";
				SUPPORTS_MACCATALYST = YES;
				SUPPORTS_MAC_DESIGNED_FOR_IPHONE_IPAD = NO;
				SUPPORTS_XR_DESIGNED_FOR_IPHONE_IPAD = NO;
				SWIFT_EMIT_LOC_STRINGS = YES;
				SWIFT_VERSION = 5.0;
				TARGETED_DEVICE_FAMILY = "1,2,6";
			};
			name = Release;
		};
/* End XCBuildConfiguration section */

/* Begin XCConfigurationList section */
		E9EB3F482BF5A5E000428A26 /* Build configuration list for PBXProject "UIScrollViewInspector" */ = {
			isa = XCConfigurationList;
			buildConfigurations = (
				E9EB3F5F2BF5A5E200428A26 /* Debug */,
				E9EB3F602BF5A5E200428A26 /* Release */,
			);
			defaultConfigurationIsVisible = 0;
			defaultConfigurationName = Release;
		};
		E9EB3F612BF5A5E200428A26 /* Build configuration list for PBXNativeTarget "UIScrollViewInspector" */ = {
			isa = XCConfigurationList;
			buildConfigurations = (
				E9EB3F622BF5A5E200428A26 /* Debug */,
				E9EB3F632BF5A5E200428A26 /* Release */,
			);
			defaultConfigurationIsVisible = 0;
			defaultConfigurationName = Release;
		};
/* End XCConfigurationList section */

/* Begin XCLocalSwiftPackageReference section */
		E98F8FC72BFF1E1500F1C3AF /* XCLocalSwiftPackageReference "../../../../Volumes/Code/Personal/DMScrollBar" */ = {
			isa = XCLocalSwiftPackageReference;
			relativePath = ../../../../Volumes/Code/Personal/DMScrollBar;
		};
/* End XCLocalSwiftPackageReference section */

/* Begin XCSwiftPackageProductDependency section */
		E914C2072BFF1D5000CEEB33 /* DMScrollBar */ = {
			isa = XCSwiftPackageProductDependency;
			productName = DMScrollBar;
		};
		E98F8FC82BFF1E1500F1C3AF /* DMScrollBar */ = {
			isa = XCSwiftPackageProductDependency;
			productName = DMScrollBar;
		};
/* End XCSwiftPackageProductDependency section */
	};
	rootObject = E9EB3F452BF5A5E000428A26 /* Project object */;
}
